
Microsoft Visual Studio Solution File, Format Version 12.00
# Visual Studio Version 16
VisualStudioVersion = 16.0.29009.5
MinimumVisualStudioVersion = 10.0.40219.1
Project("{FAE04EC0-301F-11D3-BF4B-00C04F79EFBC}") = "Svoya Igra Design", "Svoya Igra Design\Svoya Igra Design.csproj", "{DDFDA8B7-7A23-4F48-81B9-557CA51D7704}"
EndProject
Global
	GlobalSection(SolutionConfigurationPlatforms) = preSolution
		Debug|Any CPU = Debug|Any CPU
		Release|Any CPU = Release|Any CPU
	EndGlobalSection
	GlobalSection(ProjectConfigurationPlatforms) = postSolution
		{DDFDA8B7-7A23-4F48-81B9-557CA51D7704}.Debug|Any CPU.ActiveCfg = Debug|Any CPU
		{DDFDA8B7-7A23-4F48-81B9-557CA51D7704}.Debug|Any CPU.Build.0 = Debug|Any CPU
		{DDFDA8B7-7A23-4F48-81B9-557CA51D7704}.Release|Any CPU.ActiveCfg = Release|Any CPU
		{DDFDA8B7-7A23-4F48-81B9-557CA51D7704}.Release|Any CPU.Build.0 = Release|Any CPU
	EndGlobalSection
	GlobalSection(SolutionProperties) = preSolution
		HideSolutionNode = FALSE
	EndGlobalSection
	GlobalSection(ExtensibilityGlobals) = postSolution
		SolutionGuid = {88E7E173-50DA-4EFA-9905-5E05D9B9EB3B}
	EndGlobalSection
EndGlobal
