
Microsoft Visual Studio Solution File, Format Version 12.00
# Visual Studio Version 16
VisualStudioVersion = 16.0.29009.5
MinimumVisualStudioVersion = 10.0.40219.1
Project("{FAE04EC0-301F-11D3-BF4B-00C04F79EFBC}") = "SvoyaIgra", "SvoyaIgra\SvoyaIgra.csproj", "{21EBB1CF-1A03-4B29-A7F6-E0242D24B6EB}"
EndProject
Project("{FAE04EC0-301F-11D3-BF4B-00C04F79EFBC}") = "Svoya Igra Design", "..\Svoya Igra Design\Svoya Igra Design\Svoya Igra Design.csproj", "{DDFDA8B7-7A23-4F48-81B9-557CA51D7704}"
EndProject
Global
	GlobalSection(SolutionConfigurationPlatforms) = preSolution
		Debug|Any CPU = Debug|Any CPU
		Release|Any CPU = Release|Any CPU
	EndGlobalSection
	GlobalSection(ProjectConfigurationPlatforms) = postSolution
		{21EBB1CF-1A03-4B29-A7F6-E0242D24B6EB}.Debug|Any CPU.ActiveCfg = Debug|Any CPU
		{21EBB1CF-1A03-4B29-A7F6-E0242D24B6EB}.Debug|Any CPU.Build.0 = Debug|Any CPU
		{21EBB1CF-1A03-4B29-A7F6-E0242D24B6EB}.Release|Any CPU.ActiveCfg = Release|Any CPU
		{21EBB1CF-1A03-4B29-A7F6-E0242D24B6EB}.Release|Any CPU.Build.0 = Release|Any CPU
		{DDFDA8B7-7A23-4F48-81B9-557CA51D7704}.Debug|Any CPU.ActiveCfg = Debug|Any CPU
		{DDFDA8B7-7A23-4F48-81B9-557CA51D7704}.Debug|Any CPU.Build.0 = Debug|Any CPU
		{DDFDA8B7-7A23-4F48-81B9-557CA51D7704}.Release|Any CPU.ActiveCfg = Release|Any CPU
		{DDFDA8B7-7A23-4F48-81B9-557CA51D7704}.Release|Any CPU.Build.0 = Release|Any CPU
	EndGlobalSection
	GlobalSection(SolutionProperties) = preSolution
		HideSolutionNode = FALSE
	EndGlobalSection
	GlobalSection(ExtensibilityGlobals) = postSolution
		SolutionGuid = {81C27747-8E6A-4F08-9E67-A4CEFFB40493}
	EndGlobalSection
EndGlobal
